github.com/Masterminds/semver v1.4.2 h1:WBLTQ37jOCzSLtXNdoo8bNM8876KhNqOKvrlGITgsTc=
github.com/Masterminds/semver v1.4.2/go.mod h1:MB6lktGJrhw8PrUyiEoblNEGEQ+RzHPF078ddwwvV3Y=
github.com/Songmu/ghch v0.5.1 h1:uBkqVP1689k9vQDBQ0AnnT4o1yyhUgVlh8GEWiJ6SY0=
github.com/Songmu/ghch v0.5.1/go.mod h1:Xo9bCLInanAK6pgCEzBQeAFU00IlvWupy3w9zbUrX00=
github.com/Songmu/gitsemvers v0.0.1 h1:KjekOA6kEuKW20b9Ws3j9El2rqQSFNkuOQdYUZMbDNo=
github.com/Songmu/gitsemvers v0.0.1/go.mod h1:3Pz60HfJXd/t1WPctJ/4TNwP/j0vwQQz4dnjI8Bgf3U=
github.com/Songmu/prompter v0.0.0-20181014095714-d227c68538bd h1:WPP3dYxBYZBo0q3t14UIvD0Myr848agWCVSlScH17E0=
github.com/Songmu/prompter v0.0.0-20181014095714-d227c68538bd/go.mod h1:fNhSFBGC+sg+dZ7AqDHgq+xYiom23TeTESzUbO7PIrE=
github.com/blang/semver v3.5.1+incompatible h1:cQNTCjp13qL8KC3Nbxr/y2Bqb63oX6wdnnjpJbkM4JQ=
github.com/blang/semver v3.5.1+incompatible/go.mod h1:kRBLl5iJ+tD4TcOOxsy/0fnwebNt5EWlYSAyrTnjyyk=
github.com/fhs/go-netrc v1.0.0 h1:jbXXfpcwkeNHq5lXXXQO9DTWD7wUqWxgnyPKUe5H4I0=
github.com/fhs/go-netrc v1.0.0/go.mod h1:tGgE+SHFQhgo1jg+hG6/uCxBJv5Pnq7pTMjvaEWrOu8=
github.com/jessevdk/go-assets v0.0.0-20160921144138-4f4301a06e15 h1:cW/amwGEJK5MSKntPXRjX4dxs/nGxGT8gXKIsKFmHGc=
github.com/jessevdk/go-assets v0.0.0-20160921144138-4f4301a06e15/go.mod h1:Fdm/oWRW+CH8PRbLntksCNtmcCBximKPkVQYvmMl80k=
github.com/jessevdk/go-flags v1.4.0 h1:4IU2WS7AumrZ/40jfhf4QVDMsQwqA7VEHozFRrGARJA=
github.com/jessevdk/go-flags v1.4.0/go.mod h1:4FA24M0QyGHXBuZZK/XkWh8h0e1EYbRYJSGM75WSRxI=
github.com/jingweno/go-sawyer v0.0.0-20140729165055-1999ae5763d6 h1:2RMaSBb+6kdtJtT7SZfx4OtcjEuRQpAZ9UFU9OiT1BQ=
github.com/jingweno/go-sawyer v0.0.0-20140729165055-1999ae5763d6/go.mod h1:cp3HFHBb/V8Qd4OUxZ8kz8lhwN3HKkMgKFhyM7H5+q4=
github.com/jtacoma/uritemplates v1.0.0 h1:xwx5sBF7pPAb0Uj8lDC1Q/aBPpOFyQza7OC705ZlLCo=
github.com/jtacoma/uritemplates v1.0.0/go.mod h1:IhIICdE9OcvgUnGwTtJxgBQ+VrTrti5PcbLVSJianO8=
github.com/mattn/go-isatty v0.0.6 h1:SrwhHcpV4nWrMGdNcC2kXpMfcBVYGDuTArqyhocJgvA=
github.com/mattn/go-isatty v0.0.6/go.mod h1:Iq45c/XA43vh69/j3iqttzPXn0bhXyGjM0Hdxcsrc5s=
github.com/motemen/gobump v0.0.0-20190215161939-66ee926e4810 h1:Xzhs9ej1WbwUNIln2UKVVJo9TonFyMbeQM/OHsAwWe8=
github.com/motemen/gobump v0.0.0-20190215161939-66ee926e4810/go.mod h1:bJBHskFfPJ5RT+ERdz949lt6jPVTKl2v3KjIbbeQx/A=
github.com/octokit/go-octokit v0.4.1-0.20160312003706-812e91dfbd64 h1:sL8IwvC3aR6zDCqGxiwwHS6YCIvz2njaSqAORFeGqm8=
github.com/octokit/go-octokit v0.4.1-0.20160312003706-812e91dfbd64/go.mod h1:2u3khcAsOOTW3hlaM3dbJxDdvwHMDGQsC5m7edPSLkg=
github.com/pkg/errors v0.8.1 h1:iURUrRGxPUNPdy5/HRSm+Yj6okJ6UtLINN0Q9M4+h3I=
github.com/pkg/errors v0.8.1/go.mod h1:bwawxfHBFNV+L2hUp1rHADufV3IMtnDRdf1r5NINEl0=
github.com/tcnksm/go-gitconfig v0.1.2 h1:iiDhRitByXAEyjgBqsKi9QU4o2TNtv9kPP3RgPgXBPw=
github.com/tcnksm/go-gitconfig v0.1.2/go.mod h1:/8EhP4H7oJZdIPyT+/UIsG87kTzrzM4UsLGSItWYCpE=
golang.org/x/crypto v0.0.0-20190225124518-7f87c0fbb88b h1:+/WWzjwW6gidDJnMKWLKLX1gxn7irUTF1fLpQovfQ5M=
golang.org/x/crypto v0.0.0-20190225124518-7f87c0fbb88b/go.mod h1:6SG95UA2DQfeDnfUPMdvaQW0Q7yPrPDi9nlGo2tz2b4=
golang.org/x/sys v0.0.0-20190222072716-a9d3bda3a223 h1:DH4skfRX4EBpamg7iV4ZlCpblAHI6s6TDM39bFZumv8=
golang.org/x/sys v0.0.0-20190222072716-a9d3bda3a223/go.mod h1:STP8DvDyc/dI5b8T5hshtkjS+E42TnysNCUPdjciGhY=
golang.org/x/xerrors v0.0.0-20190212162355-a5947ffaace3 h1:P6iTFmrTQqWrqLZPX1VMzCUbCRCAUXSUsSpkEOvWzJ0=
golang.org/x/xerrors v0.0.0-20190212162355-a5947ffaace3/go.mod h1:I/5z698sn9Ka8TeJc9MKroUUfqBBauWjQqLJ2OPfmY0=
